
Microsoft Visual Studio Solution File, Format Version 12.00
# Visual Studio Version 17
VisualStudioVersion = 17.7.34003.232
MinimumVisualStudioVersion = 10.0.40219.1
Project("{FAE04EC0-301F-11D3-BF4B-00C04F79EFBC}") = "PlexDancer", "PlexDancer\PlexDancer.csproj", "{3CCD69A6-81B3-4513-BC21-C97451218B12}"
EndProject
Global
	GlobalSection(SolutionConfigurationPlatforms) = preSolution
		Debug|Any CPU = Debug|Any CPU
		Release|Any CPU = Release|Any CPU
	EndGlobalSection
	GlobalSection(ProjectConfigurationPlatforms) = postSolution
		{3CCD69A6-81B3-4513-BC21-C97451218B12}.Debug|Any CPU.ActiveCfg = Debug|Any CPU
		{3CCD69A6-81B3-4513-BC21-C97451218B12}.Debug|Any CPU.Build.0 = Debug|Any CPU
		{3CCD69A6-81B3-4513-BC21-C97451218B12}.Release|Any CPU.ActiveCfg = Release|Any CPU
		{3CCD69A6-81B3-4513-BC21-C97451218B12}.Release|Any CPU.Build.0 = Release|Any CPU
	EndGlobalSection
	GlobalSection(SolutionProperties) = preSolution
		HideSolutionNode = FALSE
	EndGlobalSection
	GlobalSection(ExtensibilityGlobals) = postSolution
		SolutionGuid = {4055F389-3972-47F9-90D8-0F6676853063}
	EndGlobalSection
EndGlobal
